
Microsoft Visual Studio Solution File, Format Version 12.00
# Visual Studio Version 17
VisualStudioVersion = 17.1.32421.90
MinimumVisualStudioVersion = 10.0.40219.1
Project("{FAE04EC0-301F-11D3-BF4B-00C04F79EFBC}") = "ProjektEuler", "ProjektEuler\ProjektEuler.csproj", "{DFF1F74A-56BF-4D54-9D16-9B11150F7ED7}"
EndProject
Global
	GlobalSection(SolutionConfigurationPlatforms) = preSolution
		Debug|Any CPU = Debug|Any CPU
		Release|Any CPU = Release|Any CPU
	EndGlobalSection
	GlobalSection(ProjectConfigurationPlatforms) = postSolution
		{DFF1F74A-56BF-4D54-9D16-9B11150F7ED7}.Debug|Any CPU.ActiveCfg = Debug|Any CPU
		{DFF1F74A-56BF-4D54-9D16-9B11150F7ED7}.Debug|Any CPU.Build.0 = Debug|Any CPU
		{DFF1F74A-56BF-4D54-9D16-9B11150F7ED7}.Release|Any CPU.ActiveCfg = Release|Any CPU
		{DFF1F74A-56BF-4D54-9D16-9B11150F7ED7}.Release|Any CPU.Build.0 = Release|Any CPU
	EndGlobalSection
	GlobalSection(SolutionProperties) = preSolution
		HideSolutionNode = FALSE
	EndGlobalSection
	GlobalSection(ExtensibilityGlobals) = postSolution
		SolutionGuid = {C1148BCD-E653-47E5-84FA-DFF50DD064B0}
	EndGlobalSection
EndGlobal
