
Microsoft Visual Studio Solution File, Format Version 12.00
# Visual Studio Version 17
VisualStudioVersion = 17.2.32505.173
MinimumVisualStudioVersion = 10.0.40219.1
Project("{FAE04EC0-301F-11D3-BF4B-00C04F79EFBC}") = "VereinsVerwaltung", "VereinsVerwaltung\VereinsVerwaltung.csproj", "{7D21C730-DCEE-4220-B51F-FB09321ECEA7}"
EndProject
Global
	GlobalSection(SolutionConfigurationPlatforms) = preSolution
		Debug|Any CPU = Debug|Any CPU
		Release|Any CPU = Release|Any CPU
	EndGlobalSection
	GlobalSection(ProjectConfigurationPlatforms) = postSolution
		{7D21C730-DCEE-4220-B51F-FB09321ECEA7}.Debug|Any CPU.ActiveCfg = Debug|Any CPU
		{7D21C730-DCEE-4220-B51F-FB09321ECEA7}.Debug|Any CPU.Build.0 = Debug|Any CPU
		{7D21C730-DCEE-4220-B51F-FB09321ECEA7}.Release|Any CPU.ActiveCfg = Release|Any CPU
		{7D21C730-DCEE-4220-B51F-FB09321ECEA7}.Release|Any CPU.Build.0 = Release|Any CPU
	EndGlobalSection
	GlobalSection(SolutionProperties) = preSolution
		HideSolutionNode = FALSE
	EndGlobalSection
	GlobalSection(ExtensibilityGlobals) = postSolution
		SolutionGuid = {A78928A4-8B9A-4F56-A80D-F9D36619CAAF}
	EndGlobalSection
EndGlobal
